
Microsoft Visual Studio Solution File, Format Version 12.00
# Visual Studio 2015
Project("{FAE04EC0-301F-11D3-BF4B-00C04F79EFBC}") = "H0p.CSharp.Plugins", "H0p.CSharp.Plugins.csproj", "{B9D2E50B-679A-690D-60D5-9ECF79D0D866}"
EndProject
Project("{FAE04EC0-301F-11D3-BF4B-00C04F79EFBC}") = "H0p.CSharp", "H0p.CSharp.csproj", "{5DCA7BCF-2740-7D51-F865-3FF4DBC5A63A}"
EndProject
Project("{FAE04EC0-301F-11D3-BF4B-00C04F79EFBC}") = "H0p.CSharp.Editor", "H0p.CSharp.Editor.csproj", "{2365B317-92A3-F7A9-AE4E-F76278626BE6}"
EndProject
Global
	GlobalSection(SolutionConfigurationPlatforms) = preSolution
		Debug|Any CPU = Debug|Any CPU
		Release|Any CPU = Release|Any CPU
	EndGlobalSection
	GlobalSection(ProjectConfigurationPlatforms) = postSolution
		{B9D2E50B-679A-690D-60D5-9ECF79D0D866}.Debug|Any CPU.ActiveCfg = Debug|Any CPU
		{B9D2E50B-679A-690D-60D5-9ECF79D0D866}.Debug|Any CPU.Build.0 = Debug|Any CPU
		{B9D2E50B-679A-690D-60D5-9ECF79D0D866}.Release|Any CPU.ActiveCfg = Release|Any CPU
		{B9D2E50B-679A-690D-60D5-9ECF79D0D866}.Release|Any CPU.Build.0 = Release|Any CPU
		{5DCA7BCF-2740-7D51-F865-3FF4DBC5A63A}.Debug|Any CPU.ActiveCfg = Debug|Any CPU
		{5DCA7BCF-2740-7D51-F865-3FF4DBC5A63A}.Debug|Any CPU.Build.0 = Debug|Any CPU
		{5DCA7BCF-2740-7D51-F865-3FF4DBC5A63A}.Release|Any CPU.ActiveCfg = Release|Any CPU
		{5DCA7BCF-2740-7D51-F865-3FF4DBC5A63A}.Release|Any CPU.Build.0 = Release|Any CPU
		{2365B317-92A3-F7A9-AE4E-F76278626BE6}.Debug|Any CPU.ActiveCfg = Debug|Any CPU
		{2365B317-92A3-F7A9-AE4E-F76278626BE6}.Debug|Any CPU.Build.0 = Debug|Any CPU
		{2365B317-92A3-F7A9-AE4E-F76278626BE6}.Release|Any CPU.ActiveCfg = Release|Any CPU
		{2365B317-92A3-F7A9-AE4E-F76278626BE6}.Release|Any CPU.Build.0 = Release|Any CPU
	EndGlobalSection
	GlobalSection(SolutionProperties) = preSolution
		HideSolutionNode = FALSE
	EndGlobalSection
EndGlobal
